
Microsoft Visual Studio Solution File, Format Version 12.00
# Visual Studio Version 16
VisualStudioVersion = 16.0.31624.102
MinimumVisualStudioVersion = 10.0.40219.1
Project("{FAE04EC0-301F-11D3-BF4B-00C04F79EFBC}") = "GitHubTest2", "GitHubTest2\GitHubTest2.csproj", "{923DDFC6-01A8-4BC9-9CBA-AC72A388E52B}"
EndProject
Global
	GlobalSection(SolutionConfigurationPlatforms) = preSolution
		Debug|Any CPU = Debug|Any CPU
		Release|Any CPU = Release|Any CPU
	EndGlobalSection
	GlobalSection(ProjectConfigurationPlatforms) = postSolution
		{923DDFC6-01A8-4BC9-9CBA-AC72A388E52B}.Debug|Any CPU.ActiveCfg = Debug|Any CPU
		{923DDFC6-01A8-4BC9-9CBA-AC72A388E52B}.Debug|Any CPU.Build.0 = Debug|Any CPU
		{923DDFC6-01A8-4BC9-9CBA-AC72A388E52B}.Release|Any CPU.ActiveCfg = Release|Any CPU
		{923DDFC6-01A8-4BC9-9CBA-AC72A388E52B}.Release|Any CPU.Build.0 = Release|Any CPU
	EndGlobalSection
	GlobalSection(SolutionProperties) = preSolution
		HideSolutionNode = FALSE
	EndGlobalSection
	GlobalSection(ExtensibilityGlobals) = postSolution
		SolutionGuid = {026E29A3-D1BB-4421-A669-8FF9E95DEBD9}
	EndGlobalSection
EndGlobal
